// !$*UTF8*$!
{
	archiveVersion = 1;
	classes = {
	};
	objectVersion = 50;
	objects = {

/* Begin PBXBuildFile section */
		CD2C360E21EDF25700EEB168 /* AppDelegate.swift in Sources */ = {isa = PBXBuildFile; fileRef = CD2C360D21EDF25700EEB168 /* AppDelegate.swift */; };
		CD2C361021EDF25700EEB168 /* ViewController.swift in Sources */ = {isa = PBXBuildFile; fileRef = CD2C360F21EDF25700EEB168 /* ViewController.swift */; };
		CD2C361321EDF25700EEB168 /* Main.storyboard in Resources */ = {isa = PBXBuildFile; fileRef = CD2C361121EDF25700EEB168 /* Main.storyboard */; };
		CD2C361521EDF25800EEB168 /* Assets.xcassets in Resources */ = {isa = PBXBuildFile; fileRef = CD2C361421EDF25800EEB168 /* Assets.xcassets */; };
		CD2C361821EDF25800EEB168 /* LaunchScreen.storyboard in Resources */ = {isa = PBXBuildFile; fileRef = CD2C361621EDF25800EEB168 /* LaunchScreen.storyboard */; };
		CD2C362021EDF31100EEB168 /* LogLifeViewController.swift in Sources */ = {isa = PBXBuildFile; fileRef = CD2C361F21EDF31100EEB168 /* LogLifeViewController.swift */; };
/* End PBXBuildFile section */

/* Begin PBXFileReference section */
		CD2C360A21EDF25700EEB168 /* LifeLogging.app */ = {isa = PBXFileReference; explicitFileType = wrapper.application; includeInIndex = 0; path = LifeLogging.app; sourceTree = BUILT_PRODUCTS_DIR; };
		CD2C360D21EDF25700EEB168 /* AppDelegate.swift */ = {isa = PBXFileReference; lastKnownFileType = sourcecode.swift; path = AppDelegate.swift; sourceTree = "<group>"; };
		CD2C360F21EDF25700EEB168 /* ViewController.swift */ = {isa = PBXFileReference; lastKnownFileType = sourcecode.swift; path = ViewController.swift; sourceTree = "<group>"; };
		CD2C361221EDF25700EEB168 /* Base */ = {isa = PBXFileReference; lastKnownFileType = file.storyboard; name = Base; path = Base.lproj/Main.storyboard; sourceTree = "<group>"; };
		CD2C361421EDF25800EEB168 /* Assets.xcassets */ = {isa = PBXFileReference; lastKnownFileType = folder.assetcatalog; path = Assets.xcassets; sourceTree = "<group>"; };
		CD2C361721EDF25800EEB168 /* Base */ = {isa = PBXFileReference; lastKnownFileType = file.storyboard; name = Base; path = Base.lproj/LaunchScreen.storyboard; sourceTree = "<group>"; };
		CD2C361921EDF25800EEB168 /* Info.plist */ = {isa = PBXFileReference; lastKnownFileType = text.plist.xml; path = Info.plist; sourceTree = "<group>"; };
		CD2C361F21EDF31100EEB168 /* LogLifeViewController.swift */ = {isa = PBXFileReference; lastKnownFileType = sourcecode.swift; path = LogLifeViewController.swift; sourceTree = "<group>"; };
/* End PBXFileReference section */

/* Begin PBXFrameworksBuildPhase section */
		CD2C360721EDF25700EEB168 /* Frameworks */ = {
			isa = PBXFrameworksBuildPhase;
			buildActionMask = 2147483647;
			files = (
			);
			runOnlyForDeploymentPostprocessing = 0;
		};
/* End PBXFrameworksBuildPhase section */

/* Begin PBXGroup section */
		CD2C360121EDF25600EEB168 = {
			isa = PBXGroup;
			children = (
				CD2C360C21EDF25700EEB168 /* LifeLogging */,
				CD2C360B21EDF25700EEB168 /* Products */,
			);
			sourceTree = "<group>";
		};
		CD2C360B21EDF25700EEB168 /* Products */ = {
			isa = PBXGroup;
			children = (
				CD2C360A21EDF25700EEB168 /* LifeLogging.app */,
			);
			name = Products;
			sourceTree = "<group>";
		};
		CD2C360C21EDF25700EEB168 /* LifeLogging */ = {
			isa = PBXGroup;
			children = (
				CD2C360D21EDF25700EEB168 /* AppDelegate.swift */,
				CD2C360F21EDF25700EEB168 /* ViewController.swift */,
				CD2C361F21EDF31100EEB168 /* LogLifeViewController.swift */,
				CD2C361121EDF25700EEB168 /* Main.storyboard */,
				CD2C361421EDF25800EEB168 /* Assets.xcassets */,
				CD2C361621EDF25800EEB168 /* LaunchScreen.storyboard */,
				CD2C361921EDF25800EEB168 /* Info.plist */,
			);
			path = LifeLogging;
			sourceTree = "<group>";
		};
/* End PBXGroup section */

/* Begin PBXNativeTarget section */
		CD2C360921EDF25700EEB168 /* LifeLogging */ = {
			isa = PBXNativeTarget;
			buildConfigurationList = CD2C361C21EDF25800EEB168 /* Build configuration list for PBXNativeTarget "LifeLogging" */;
			buildPhases = (
				CD2C360621EDF25700EEB168 /* Sources */,
				CD2C360721EDF25700EEB168 /* Frameworks */,
				CD2C360821EDF25700EEB168 /* Resources */,
			);
			buildRules = (
			);
			dependencies = (
			);
			name = LifeLogging;
			productName = LifeLogging;
			productReference = CD2C360A21EDF25700EEB168 /* LifeLogging.app */;
			productType = "com.apple.product-type.application";
		};
/* End PBXNativeTarget section */

/* Begin PBXProject section */
		CD2C360221EDF25600EEB168 /* Project object */ = {
			isa = PBXProject;
			attributes = {
				LastSwiftUpdateCheck = 1010;
				LastUpgradeCheck = 1010;
				ORGANIZATIONNAME = "Artem Migovich";
				TargetAttributes = {
					CD2C360921EDF25700EEB168 = {
						CreatedOnToolsVersion = 10.1;
					};
				};
			};
			buildConfigurationList = CD2C360521EDF25600EEB168 /* Build configuration list for PBXProject "LifeLogging" */;
			compatibilityVersion = "Xcode 9.3";
			developmentRegion = en;
			hasScannedForEncodings = 0;
			knownRegions = (
				en,
				Base,
			);
			mainGroup = CD2C360121EDF25600EEB168;
			productRefGroup = CD2C360B21EDF25700EEB168 /* Products */;
			projectDirPath = "";
			projectRoot = "";
			targets = (
				CD2C360921EDF25700EEB168 /* LifeLogging */,
			);
		};
/* End PBXProject section */

/* Begin PBXResourcesBuildPhase section */
		CD2C360821EDF25700EEB168 /* Resources */ = {
			isa = PBXResourcesBuildPhase;
			buildActionMask = 2147483647;
			files = (
				CD2C361821EDF25800EEB168 /* LaunchScreen.storyboard in Resources */,
				CD2C361521EDF25800EEB168 /* Assets.xcassets in Resources */,
				CD2C361321EDF25700EEB168 /* Main.storyboard in Resources */,
			);
			runOnlyForDeploymentPostprocessing = 0;
		};
/* End PBXResourcesBuildPhase section */

/* Begin PBXSourcesBuildPhase section */
		CD2C360621EDF25700EEB168 /* Sources */ = {
			isa = PBXSourcesBuildPhase;
			buildActionMask = 2147483647;
			files = (
				CD2C361021EDF25700EEB168 /* ViewController.swift in Sources */,
				CD2C360E21EDF25700EEB168 /* AppDelegate.swift in Sources */,
				CD2C362021EDF31100EEB168 /* LogLifeViewController.swift in Sources */,
			);
			runOnlyForDeploymentPostprocessing = 0;
		};
/* End PBXSourcesBuildPhase section */

/* Begin PBXVariantGroup section */
		CD2C361121EDF25700EEB168 /* Main.storyboard */ = {
			isa = PBXVariantGroup;
			children = (
				CD2C361221EDF25700EEB168 /* Base */,
			);
			name = Main.storyboard;
			sourceTree = "<group>";
		};
		CD2C361621EDF25800EEB168 /* LaunchScreen.storyboard */ = {
			isa = PBXVariantGroup;
			children = (
				CD2C361721EDF25800EEB168 /* Base */,
			);
			name = LaunchScreen.storyboard;
			sourceTree = "<group>";
		};
/* End PBXVariantGroup section */

/* Begin XCBuildConfiguration section */
		CD2C361A21EDF25800EEB168 /* Debug */ = {
			isa = XCBuildConfiguration;
			buildSettings = {
				ALWAYS_SEARCH_USER_PATHS = NO;
				CLANG_ANALYZER_NONNULL = YES;
				CLANG_ANALYZER_NUMBER_OBJECT_CONVERSION = YES_AGGRESSIVE;
				CLANG_CXX_LANGUAGE_STANDARD = "gnu++14";
				CLANG_CXX_LIBRARY = "libc++";
				CLANG_ENABLE_MODULES = YES;
				CLANG_ENABLE_OBJC_ARC = YES;
				CLANG_ENABLE_OBJC_WEAK = YES;
				CLANG_WARN_BLOCK_CAPTURE_AUTORELEASING = YES;
				CLANG_WARN_BOOL_CONVERSION = YES;
				CLANG_WARN_COMMA = YES;
				CLANG_WARN_CONSTANT_CONVERSION = YES;
				CLANG_WARN_DEPRECATED_OBJC_IMPLEMENTATIONS = YES;
				CLANG_WARN_DIRECT_OBJC_ISA_USAGE = YES_ERROR;
				CLANG_WARN_DOCUMENTATION_COMMENTS = YES;
				CLANG_WARN_EMPTY_BODY = YES;
				CLANG_WARN_ENUM_CONVERSION = YES;
				CLANG_WARN_INFINITE_RECURSION = YES;
				CLANG_WARN_INT_CONVERSION = YES;
				CLANG_WARN_NON_LITERAL_NULL_CONVERSION = YES;
				CLANG_WARN_OBJC_IMPLICIT_RETAIN_SELF = YES;
				CLANG_WARN_OBJC_LITERAL_CONVERSION = YES;
				CLANG_WARN_OBJC_ROOT_CLASS = YES_ERROR;
				CLANG_WARN_RANGE_LOOP_ANALYSIS = YES;
				CLANG_WARN_STRICT_PROTOTYPES = YES;
				CLANG_WARN_SUSPICIOUS_MOVE = YES;
				CLANG_WARN_UNGUARDED_AVAILABILITY = YES_AGGRESSIVE;
				CLANG_WARN_UNREACHABLE_CODE = YES;
				CLANG_WARN__DUPLICATE_METHOD_MATCH = YES;
				CODE_SIGN_IDENTITY = "iPhone Developer";
				COPY_PHASE_STRIP = NO;
				DEBUG_INFORMATION_FORMAT = dwarf;
				ENABLE_STRICT_OBJC_MSGSEND = YES;
				ENABLE_TESTABILITY = YES;
				GCC_C_LANGUAGE_STANDARD = gnu11;
				GCC_DYNAMIC_NO_PIC = NO;
				GCC_NO_COMMON_BLOCKS = YES;
				GCC_OPTIMIZATION_LEVEL = 0;
				GCC_PREPROCESSOR_DEFINITIONS = (
					"DEBUG=1",
					"$(inherited)",
				);
				GCC_WARN_64_TO_32_BIT_CONVERSION = YES;
				GCC_WARN_ABOUT_RETURN_TYPE = YES_ERROR;
				GCC_WARN_UNDECLARED_SELECTOR = YES;
				GCC_WARN_UNINITIALIZED_AUTOS = YES_AGGRESSIVE;
				GCC_WARN_UNUSED_FUNCTION = YES;
				GCC_WARN_UNUSED_VARIABLE = YES;
				IPHONEOS_DEPLOYMENT_TARGET = 12.1;
				MTL_ENABLE_DEBUG_INFO = INCLUDE_SOURCE;
				MTL_FAST_MATH = YES;
				ONLY_ACTIVE_ARCH = YES;
				SDKROOT = iphoneos;
				SWIFT_ACTIVE_COMPILATION_CONDITIONS = DEBUG;
				SWIFT_OPTIMIZATION_LEVEL = "-Onone";
			};
			name = Debug;
		};
		CD2C361B21EDF25800EEB168 /* Release */ = {
			isa = XCBuildConfiguration;
			buildSettings = {
				ALWAYS_SEARCH_USER_PATHS = NO;
				CLANG_ANALYZER_NONNULL = YES;
				CLANG_ANALYZER_NUMBER_OBJECT_CONVERSION = YES_AGGRESSIVE;
				CLANG_CXX_LANGUAGE_STANDARD = "gnu++14";
				CLANG_CXX_LIBRARY = "libc++";
				CLANG_ENABLE_MODULES = YES;
				CLANG_ENABLE_OBJC_ARC = YES;
				CLANG_ENABLE_OBJC_WEAK = YES;
				CLANG_WARN_BLOCK_CAPTURE_AUTORELEASING = YES;
				CLANG_WARN_BOOL_CONVERSION = YES;
				CLANG_WARN_COMMA = YES;
				CLANG_WARN_CONSTANT_CONVERSION = YES;
				CLANG_WARN_DEPRECATED_OBJC_IMPLEMENTATIONS = YES;
				CLANG_WARN_DIRECT_OBJC_ISA_USAGE = YES_ERROR;
				CLANG_WARN_DOCUMENTATION_COMMENTS = YES;
				CLANG_WARN_EMPTY_BODY = YES;
				CLANG_WARN_ENUM_CONVERSION = YES;
				CLANG_WARN_INFINITE_RECURSION = YES;
				CLANG_WARN_INT_CONVERSION = YES;
				CLANG_WARN_NON_LITERAL_NULL_CONVERSION = YES;
				CLANG_WARN_OBJC_IMPLICIT_RETAIN_SELF = YES;
				CLANG_WARN_OBJC_LITERAL_CONVERSION = YES;
				CLANG_WARN_OBJC_ROOT_CLASS = YES_ERROR;
				CLANG_WARN_RANGE_LOOP_ANALYSIS = YES;
				CLANG_WARN_STRICT_PROTOTYPES = YES;
				CLANG_WARN_SUSPICIOUS_MOVE = YES;
				CLANG_WARN_UNGUARDED_AVAILABILITY = YES_AGGRESSIVE;
				CLANG_WARN_UNREACHABLE_CODE = YES;
				CLANG_WARN__DUPLICATE_METHOD_MATCH = YES;
				CODE_SIGN_IDENTITY = "iPhone Developer";
				COPY_PHASE_STRIP = NO;
				DEBUG_INFORMATION_FORMAT = "dwarf-with-dsym";
				ENABLE_NS_ASSERTIONS = NO;
				ENABLE_STRICT_OBJC_MSGSEND = YES;
				GCC_C_LANGUAGE_STANDARD = gnu11;
				GCC_NO_COMMON_BLOCKS = YES;
				GCC_WARN_64_TO_32_BIT_CONVERSION = YES;
				GCC_WARN_ABOUT_RETURN_TYPE = YES_ERROR;
				GCC_WARN_UNDECLARED_SELECTOR = YES;
				GCC_WARN_UNINITIALIZED_AUTOS = YES_AGGRESSIVE;
				GCC_WARN_UNUSED_FUNCTION = YES;
				GCC_WARN_UNUSED_VARIABLE = YES;
				IPHONEOS_DEPLOYMENT_TARGET = 12.1;
				MTL_ENABLE_DEBUG_INFO = NO;
				MTL_FAST_MATH = YES;
				SDKROOT = iphoneos;
				SWIFT_COMPILATION_MODE = wholemodule;
				SWIFT_OPTIMIZATION_LEVEL = "-O";
				VALIDATE_PRODUCT = YES;
			};
			name = Release;
		};
		CD2C361D21EDF25800EEB168 /* Debug */ = {
			isa = XCBuildConfiguration;
			buildSettings = {
				ASSETCATALOG_COMPILER_APPICON_NAME = AppIcon;
				CODE_SIGN_STYLE = Automatic;
				DEVELOPMENT_TEAM = JCY45QFZ9K;
				INFOPLIST_FILE = LifeLogging/Info.plist;
				LD_RUNPATH_SEARCH_PATHS = (
					"$(inherited)",
					"@executable_path/Frameworks",
				);
				PRODUCT_BUNDLE_IDENTIFIER = com.artemmigovich.LifeLogging;
				PRODUCT_NAME = "$(TARGET_NAME)";
				SWIFT_VERSION = 4.2;
				TARGETED_DEVICE_FAMILY = "1,2";
			};
			name = Debug;
		};
		CD2C361E21EDF25800EEB168 /* Release */ = {
			isa = XCBuildConfiguration;
			buildSettings = {
				ASSETCATALOG_COMPILER_APPICON_NAME = AppIcon;
				CODE_SIGN_STYLE = Automatic;
				DEVELOPMENT_TEAM = JCY45QFZ9K;
				INFOPLIST_FILE = LifeLogging/Info.plist;
				LD_RUNPATH_SEARCH_PATHS = (
					"$(inherited)",
					"@executable_path/Frameworks",
				);
				PRODUCT_BUNDLE_IDENTIFIER = com.artemmigovich.LifeLogging;
				PRODUCT_NAME = "$(TARGET_NAME)";
				SWIFT_VERSION = 4.2;
				TARGETED_DEVICE_FAMILY = "1,2";
			};
			name = Release;
		};
/* End XCBuildConfiguration section */

/* Begin XCConfigurationList section */
		CD2C360521EDF25600EEB168 /* Build configuration list for PBXProject "LifeLogging" */ = {
			isa = XCConfigurationList;
			buildConfigurations = (
				CD2C361A21EDF25800EEB168 /* Debug */,
				CD2C361B21EDF25800EEB168 /* Release */,
			);
			defaultConfigurationIsVisible = 0;
			defaultConfigurationName = Release;
		};
		CD2C361C21EDF25800EEB168 /* Build configuration list for PBXNativeTarget "LifeLogging" */ = {
			isa = XCConfigurationList;
			buildConfigurations = (
				CD2C361D21EDF25800EEB168 /* Debug */,
				CD2C361E21EDF25800EEB168 /* Release */,
			);
			defaultConfigurationIsVisible = 0;
			defaultConfigurationName = Release;
		};
/* End XCConfigurationList section */
	};
	rootObject = CD2C360221EDF25600EEB168 /* Project object */;
}
