// !$*UTF8*$!
{
	archiveVersion = 1;
	classes = {
	};
	objectVersion = 50;
	objects = {

/* Begin PBXBuildFile section */
		373DC9C621D0171B0025803F /* AppDelegate.swift in Sources */ = {isa = PBXBuildFile; fileRef = 373DC9C521D0171B0025803F /* AppDelegate.swift */; };
		373DC9C821D0171B0025803F /* ViewController.swift in Sources */ = {isa = PBXBuildFile; fileRef = 373DC9C721D0171B0025803F /* ViewController.swift */; };
		373DC9CB21D0171B0025803F /* Main.storyboard in Resources */ = {isa = PBXBuildFile; fileRef = 373DC9C921D0171B0025803F /* Main.storyboard */; };
		373DC9CD21D0171D0025803F /* Assets.xcassets in Resources */ = {isa = PBXBuildFile; fileRef = 373DC9CC21D0171D0025803F /* Assets.xcassets */; };
		373DC9D021D0171D0025803F /* LaunchScreen.storyboard in Resources */ = {isa = PBXBuildFile; fileRef = 373DC9CE21D0171D0025803F /* LaunchScreen.storyboard */; };
		373DC9D821D017810025803F /* LogLifeViewController.swift in Sources */ = {isa = PBXBuildFile; fileRef = 373DC9D721D017810025803F /* LogLifeViewController.swift */; };
/* End PBXBuildFile section */

/* Begin PBXFileReference section */
		373DC9C221D0171B0025803F /* LifeLogging.app */ = {isa = PBXFileReference; explicitFileType = wrapper.application; includeInIndex = 0; path = LifeLogging.app; sourceTree = BUILT_PRODUCTS_DIR; };
		373DC9C521D0171B0025803F /* AppDelegate.swift */ = {isa = PBXFileReference; lastKnownFileType = sourcecode.swift; path = AppDelegate.swift; sourceTree = "<group>"; };
		373DC9C721D0171B0025803F /* ViewController.swift */ = {isa = PBXFileReference; lastKnownFileType = sourcecode.swift; path = ViewController.swift; sourceTree = "<group>"; };
		373DC9CA21D0171B0025803F /* Base */ = {isa = PBXFileReference; lastKnownFileType = file.storyboard; name = Base; path = Base.lproj/Main.storyboard; sourceTree = "<group>"; };
		373DC9CC21D0171D0025803F /* Assets.xcassets */ = {isa = PBXFileReference; lastKnownFileType = folder.assetcatalog; path = Assets.xcassets; sourceTree = "<group>"; };
		373DC9CF21D0171D0025803F /* Base */ = {isa = PBXFileReference; lastKnownFileType = file.storyboard; name = Base; path = Base.lproj/LaunchScreen.storyboard; sourceTree = "<group>"; };
		373DC9D121D0171D0025803F /* Info.plist */ = {isa = PBXFileReference; lastKnownFileType = text.plist.xml; path = Info.plist; sourceTree = "<group>"; };
		373DC9D721D017810025803F /* LogLifeViewController.swift */ = {isa = PBXFileReference; lastKnownFileType = sourcecode.swift; path = LogLifeViewController.swift; sourceTree = "<group>"; };
/* End PBXFileReference section */

/* Begin PBXFrameworksBuildPhase section */
		373DC9BF21D0171B0025803F /* Frameworks */ = {
			isa = PBXFrameworksBuildPhase;
			buildActionMask = 2147483647;
			files = (
			);
			runOnlyForDeploymentPostprocessing = 0;
		};
/* End PBXFrameworksBuildPhase section */

/* Begin PBXGroup section */
		373DC9B921D0171B0025803F = {
			isa = PBXGroup;
			children = (
				373DC9C421D0171B0025803F /* LifeLogging */,
				373DC9C321D0171B0025803F /* Products */,
			);
			sourceTree = "<group>";
		};
		373DC9C321D0171B0025803F /* Products */ = {
			isa = PBXGroup;
			children = (
				373DC9C221D0171B0025803F /* LifeLogging.app */,
			);
			name = Products;
			sourceTree = "<group>";
		};
		373DC9C421D0171B0025803F /* LifeLogging */ = {
			isa = PBXGroup;
			children = (
				373DC9C521D0171B0025803F /* AppDelegate.swift */,
				373DC9C721D0171B0025803F /* ViewController.swift */,
				373DC9C921D0171B0025803F /* Main.storyboard */,
				373DC9D721D017810025803F /* LogLifeViewController.swift */,
				373DC9CC21D0171D0025803F /* Assets.xcassets */,
				373DC9CE21D0171D0025803F /* LaunchScreen.storyboard */,
				373DC9D121D0171D0025803F /* Info.plist */,
			);
			path = LifeLogging;
			sourceTree = "<group>";
		};
/* End PBXGroup section */

/* Begin PBXNativeTarget section */
		373DC9C121D0171B0025803F /* LifeLogging */ = {
			isa = PBXNativeTarget;
			buildConfigurationList = 373DC9D421D0171D0025803F /* Build configuration list for PBXNativeTarget "LifeLogging" */;
			buildPhases = (
				373DC9BE21D0171B0025803F /* Sources */,
				373DC9BF21D0171B0025803F /* Frameworks */,
				373DC9C021D0171B0025803F /* Resources */,
			);
			buildRules = (
			);
			dependencies = (
			);
			name = LifeLogging;
			productName = LifeLogging;
			productReference = 373DC9C221D0171B0025803F /* LifeLogging.app */;
			productType = "com.apple.product-type.application";
		};
/* End PBXNativeTarget section */

/* Begin PBXProject section */
		373DC9BA21D0171B0025803F /* Project object */ = {
			isa = PBXProject;
			attributes = {
				LastSwiftUpdateCheck = 1000;
				LastUpgradeCheck = 1000;
				ORGANIZATIONNAME = "Dan Viitenko";
				TargetAttributes = {
					373DC9C121D0171B0025803F = {
						CreatedOnToolsVersion = 10.0;
					};
				};
			};
			buildConfigurationList = 373DC9BD21D0171B0025803F /* Build configuration list for PBXProject "LifeLogging" */;
			compatibilityVersion = "Xcode 9.3";
			developmentRegion = en;
			hasScannedForEncodings = 0;
			knownRegions = (
				en,
				Base,
			);
			mainGroup = 373DC9B921D0171B0025803F;
			productRefGroup = 373DC9C321D0171B0025803F /* Products */;
			projectDirPath = "";
			projectRoot = "";
			targets = (
				373DC9C121D0171B0025803F /* LifeLogging */,
			);
		};
/* End PBXProject section */

/* Begin PBXResourcesBuildPhase section */
		373DC9C021D0171B0025803F /* Resources */ = {
			isa = PBXResourcesBuildPhase;
			buildActionMask = 2147483647;
			files = (
				373DC9D021D0171D0025803F /* LaunchScreen.storyboard in Resources */,
				373DC9CD21D0171D0025803F /* Assets.xcassets in Resources */,
				373DC9CB21D0171B0025803F /* Main.storyboard in Resources */,
			);
			runOnlyForDeploymentPostprocessing = 0;
		};
/* End PBXResourcesBuildPhase section */

/* Begin PBXSourcesBuildPhase section */
		373DC9BE21D0171B0025803F /* Sources */ = {
			isa = PBXSourcesBuildPhase;
			buildActionMask = 2147483647;
			files = (
				373DC9C821D0171B0025803F /* ViewController.swift in Sources */,
				373DC9C621D0171B0025803F /* AppDelegate.swift in Sources */,
				373DC9D821D017810025803F /* LogLifeViewController.swift in Sources */,
			);
			runOnlyForDeploymentPostprocessing = 0;
		};
/* End PBXSourcesBuildPhase section */

/* Begin PBXVariantGroup section */
		373DC9C921D0171B0025803F /* Main.storyboard */ = {
			isa = PBXVariantGroup;
			children = (
				373DC9CA21D0171B0025803F /* Base */,
			);
			name = Main.storyboard;
			sourceTree = "<group>";
		};
		373DC9CE21D0171D0025803F /* LaunchScreen.storyboard */ = {
			isa = PBXVariantGroup;
			children = (
				373DC9CF21D0171D0025803F /* Base */,
			);
			name = LaunchScreen.storyboard;
			sourceTree = "<group>";
		};
/* End PBXVariantGroup section */

/* Begin XCBuildConfiguration section */
		373DC9D221D0171D0025803F /* Debug */ = {
			isa = XCBuildConfiguration;
			buildSettings = {
				ALWAYS_SEARCH_USER_PATHS = NO;
				CLANG_ANALYZER_NONNULL = YES;
				CLANG_ANALYZER_NUMBER_OBJECT_CONVERSION = YES_AGGRESSIVE;
				CLANG_CXX_LANGUAGE_STANDARD = "gnu++14";
				CLANG_CXX_LIBRARY = "libc++";
				CLANG_ENABLE_MODULES = YES;
				CLANG_ENABLE_OBJC_ARC = YES;
				CLANG_ENABLE_OBJC_WEAK = YES;
				CLANG_WARN_BLOCK_CAPTURE_AUTORELEASING = YES;
				CLANG_WARN_BOOL_CONVERSION = YES;
				CLANG_WARN_COMMA = YES;
				CLANG_WARN_CONSTANT_CONVERSION = YES;
				CLANG_WARN_DEPRECATED_OBJC_IMPLEMENTATIONS = YES;
				CLANG_WARN_DIRECT_OBJC_ISA_USAGE = YES_ERROR;
				CLANG_WARN_DOCUMENTATION_COMMENTS = YES;
				CLANG_WARN_EMPTY_BODY = YES;
				CLANG_WARN_ENUM_CONVERSION = YES;
				CLANG_WARN_INFINITE_RECURSION = YES;
				CLANG_WARN_INT_CONVERSION = YES;
				CLANG_WARN_NON_LITERAL_NULL_CONVERSION = YES;
				CLANG_WARN_OBJC_IMPLICIT_RETAIN_SELF = YES;
				CLANG_WARN_OBJC_LITERAL_CONVERSION = YES;
				CLANG_WARN_OBJC_ROOT_CLASS = YES_ERROR;
				CLANG_WARN_RANGE_LOOP_ANALYSIS = YES;
				CLANG_WARN_STRICT_PROTOTYPES = YES;
				CLANG_WARN_SUSPICIOUS_MOVE = YES;
				CLANG_WARN_UNGUARDED_AVAILABILITY = YES_AGGRESSIVE;
				CLANG_WARN_UNREACHABLE_CODE = YES;
				CLANG_WARN__DUPLICATE_METHOD_MATCH = YES;
				CODE_SIGN_IDENTITY = "iPhone Developer";
				COPY_PHASE_STRIP = NO;
				DEBUG_INFORMATION_FORMAT = dwarf;
				ENABLE_STRICT_OBJC_MSGSEND = YES;
				ENABLE_TESTABILITY = YES;
				GCC_C_LANGUAGE_STANDARD = gnu11;
				GCC_DYNAMIC_NO_PIC = NO;
				GCC_NO_COMMON_BLOCKS = YES;
				GCC_OPTIMIZATION_LEVEL = 0;
				GCC_PREPROCESSOR_DEFINITIONS = (
					"DEBUG=1",
					"$(inherited)",
				);
				GCC_WARN_64_TO_32_BIT_CONVERSION = YES;
				GCC_WARN_ABOUT_RETURN_TYPE = YES_ERROR;
				GCC_WARN_UNDECLARED_SELECTOR = YES;
				GCC_WARN_UNINITIALIZED_AUTOS = YES_AGGRESSIVE;
				GCC_WARN_UNUSED_FUNCTION = YES;
				GCC_WARN_UNUSED_VARIABLE = YES;
				IPHONEOS_DEPLOYMENT_TARGET = 12.0;
				MTL_ENABLE_DEBUG_INFO = INCLUDE_SOURCE;
				MTL_FAST_MATH = YES;
				ONLY_ACTIVE_ARCH = YES;
				SDKROOT = iphoneos;
				SWIFT_ACTIVE_COMPILATION_CONDITIONS = DEBUG;
				SWIFT_OPTIMIZATION_LEVEL = "-Onone";
			};
			name = Debug;
		};
		373DC9D321D0171D0025803F /* Release */ = {
			isa = XCBuildConfiguration;
			buildSettings = {
				ALWAYS_SEARCH_USER_PATHS = NO;
				CLANG_ANALYZER_NONNULL = YES;
				CLANG_ANALYZER_NUMBER_OBJECT_CONVERSION = YES_AGGRESSIVE;
				CLANG_CXX_LANGUAGE_STANDARD = "gnu++14";
				CLANG_CXX_LIBRARY = "libc++";
				CLANG_ENABLE_MODULES = YES;
				CLANG_ENABLE_OBJC_ARC = YES;
				CLANG_ENABLE_OBJC_WEAK = YES;
				CLANG_WARN_BLOCK_CAPTURE_AUTORELEASING = YES;
				CLANG_WARN_BOOL_CONVERSION = YES;
				CLANG_WARN_COMMA = YES;
				CLANG_WARN_CONSTANT_CONVERSION = YES;
				CLANG_WARN_DEPRECATED_OBJC_IMPLEMENTATIONS = YES;
				CLANG_WARN_DIRECT_OBJC_ISA_USAGE = YES_ERROR;
				CLANG_WARN_DOCUMENTATION_COMMENTS = YES;
				CLANG_WARN_EMPTY_BODY = YES;
				CLANG_WARN_ENUM_CONVERSION = YES;
				CLANG_WARN_INFINITE_RECURSION = YES;
				CLANG_WARN_INT_CONVERSION = YES;
				CLANG_WARN_NON_LITERAL_NULL_CONVERSION = YES;
				CLANG_WARN_OBJC_IMPLICIT_RETAIN_SELF = YES;
				CLANG_WARN_OBJC_LITERAL_CONVERSION = YES;
				CLANG_WARN_OBJC_ROOT_CLASS = YES_ERROR;
				CLANG_WARN_RANGE_LOOP_ANALYSIS = YES;
				CLANG_WARN_STRICT_PROTOTYPES = YES;
				CLANG_WARN_SUSPICIOUS_MOVE = YES;
				CLANG_WARN_UNGUARDED_AVAILABILITY = YES_AGGRESSIVE;
				CLANG_WARN_UNREACHABLE_CODE = YES;
				CLANG_WARN__DUPLICATE_METHOD_MATCH = YES;
				CODE_SIGN_IDENTITY = "iPhone Developer";
				COPY_PHASE_STRIP = NO;
				DEBUG_INFORMATION_FORMAT = "dwarf-with-dsym";
				ENABLE_NS_ASSERTIONS = NO;
				ENABLE_STRICT_OBJC_MSGSEND = YES;
				GCC_C_LANGUAGE_STANDARD = gnu11;
				GCC_NO_COMMON_BLOCKS = YES;
				GCC_WARN_64_TO_32_BIT_CONVERSION = YES;
				GCC_WARN_ABOUT_RETURN_TYPE = YES_ERROR;
				GCC_WARN_UNDECLARED_SELECTOR = YES;
				GCC_WARN_UNINITIALIZED_AUTOS = YES_AGGRESSIVE;
				GCC_WARN_UNUSED_FUNCTION = YES;
				GCC_WARN_UNUSED_VARIABLE = YES;
				IPHONEOS_DEPLOYMENT_TARGET = 12.0;
				MTL_ENABLE_DEBUG_INFO = NO;
				MTL_FAST_MATH = YES;
				SDKROOT = iphoneos;
				SWIFT_COMPILATION_MODE = wholemodule;
				SWIFT_OPTIMIZATION_LEVEL = "-O";
				VALIDATE_PRODUCT = YES;
			};
			name = Release;
		};
		373DC9D521D0171D0025803F /* Debug */ = {
			isa = XCBuildConfiguration;
			buildSettings = {
				ASSETCATALOG_COMPILER_APPICON_NAME = AppIcon;
				CODE_SIGN_STYLE = Automatic;
				INFOPLIST_FILE = LifeLogging/Info.plist;
				LD_RUNPATH_SEARCH_PATHS = (
					"$(inherited)",
					"@executable_path/Frameworks",
				);
				PRODUCT_BUNDLE_IDENTIFIER = com..LifeLogging;
				PRODUCT_NAME = "$(TARGET_NAME)";
				SWIFT_VERSION = 4.2;
				TARGETED_DEVICE_FAMILY = "1,2";
			};
			name = Debug;
		};
		373DC9D621D0171D0025803F /* Release */ = {
			isa = XCBuildConfiguration;
			buildSettings = {
				ASSETCATALOG_COMPILER_APPICON_NAME = AppIcon;
				CODE_SIGN_STYLE = Automatic;
				INFOPLIST_FILE = LifeLogging/Info.plist;
				LD_RUNPATH_SEARCH_PATHS = (
					"$(inherited)",
					"@executable_path/Frameworks",
				);
				PRODUCT_BUNDLE_IDENTIFIER = com..LifeLogging;
				PRODUCT_NAME = "$(TARGET_NAME)";
				SWIFT_VERSION = 4.2;
				TARGETED_DEVICE_FAMILY = "1,2";
			};
			name = Release;
		};
/* End XCBuildConfiguration section */

/* Begin XCConfigurationList section */
		373DC9BD21D0171B0025803F /* Build configuration list for PBXProject "LifeLogging" */ = {
			isa = XCConfigurationList;
			buildConfigurations = (
				373DC9D221D0171D0025803F /* Debug */,
				373DC9D321D0171D0025803F /* Release */,
			);
			defaultConfigurationIsVisible = 0;
			defaultConfigurationName = Release;
		};
		373DC9D421D0171D0025803F /* Build configuration list for PBXNativeTarget "LifeLogging" */ = {
			isa = XCConfigurationList;
			buildConfigurations = (
				373DC9D521D0171D0025803F /* Debug */,
				373DC9D621D0171D0025803F /* Release */,
			);
			defaultConfigurationIsVisible = 0;
			defaultConfigurationName = Release;
		};
/* End XCConfigurationList section */
	};
	rootObject = 373DC9BA21D0171B0025803F /* Project object */;
}
