// !$*UTF8*$!
{
	archiveVersion = 1;
	classes = {
	};
	objectVersion = 50;
	objects = {

/* Begin PBXBuildFile section */
		CD1540CB21C437C400B9AD84 /* AppDelegate.swift in Sources */ = {isa = PBXBuildFile; fileRef = CD1540CA21C437C400B9AD84 /* AppDelegate.swift */; };
		CD1540D521C437C500B9AD84 /* LaunchScreen.storyboard in Resources */ = {isa = PBXBuildFile; fileRef = CD1540D321C437C500B9AD84 /* LaunchScreen.storyboard */; };
		CD336AB521C5986400CBBCC4 /* LoginViewController.swift in Sources */ = {isa = PBXBuildFile; fileRef = CD336AB421C5986400CBBCC4 /* LoginViewController.swift */; };
		CD336AB721C5BB6C00CBBCC4 /* LoginViewController.xib in Resources */ = {isa = PBXBuildFile; fileRef = CD336AB621C5BB6C00CBBCC4 /* LoginViewController.xib */; };
		CD336AB921C5C50400CBBCC4 /* RepoTableViewController.swift in Sources */ = {isa = PBXBuildFile; fileRef = CD336AB821C5C50400CBBCC4 /* RepoTableViewController.swift */; };
		CD336ABB21C5C51600CBBCC4 /* RepoViewController.xib in Resources */ = {isa = PBXBuildFile; fileRef = CD336ABA21C5C51600CBBCC4 /* RepoViewController.xib */; };
		CD336ABD21C5C5B400CBBCC4 /* LoginPresentation.swift in Sources */ = {isa = PBXBuildFile; fileRef = CD336ABC21C5C5B400CBBCC4 /* LoginPresentation.swift */; };
		CD336ABF21C6F07000CBBCC4 /* RepoTableViewCell.swift in Sources */ = {isa = PBXBuildFile; fileRef = CD336ABE21C6F07000CBBCC4 /* RepoTableViewCell.swift */; };
		CD336AC121C6F0B000CBBCC4 /* RepoPresentation.swift in Sources */ = {isa = PBXBuildFile; fileRef = CD336AC021C6F0B000CBBCC4 /* RepoPresentation.swift */; };
		CD336AC721C6F72A00CBBCC4 /* UIViewController+Extensions.swift in Sources */ = {isa = PBXBuildFile; fileRef = CD336AC621C6F72A00CBBCC4 /* UIViewController+Extensions.swift */; };
		CD336ACD21C71FC800CBBCC4 /* RepositoryViewController.swift in Sources */ = {isa = PBXBuildFile; fileRef = CD336ACC21C71FC800CBBCC4 /* RepositoryViewController.swift */; };
		CD336AD121C735F100CBBCC4 /* SearchViewController.swift in Sources */ = {isa = PBXBuildFile; fileRef = CD336AD021C735F100CBBCC4 /* SearchViewController.swift */; };
		CD336AD321C7360000CBBCC4 /* SearchViewController.xib in Resources */ = {isa = PBXBuildFile; fileRef = CD336AD221C7360000CBBCC4 /* SearchViewController.xib */; };
		CD336AD521C7361000CBBCC4 /* ProfileViewController.swift in Sources */ = {isa = PBXBuildFile; fileRef = CD336AD421C7361000CBBCC4 /* ProfileViewController.swift */; };
		CD336AD721C7361F00CBBCC4 /* ProfileViewController.xib in Resources */ = {isa = PBXBuildFile; fileRef = CD336AD621C7361F00CBBCC4 /* ProfileViewController.xib */; };
		CD80828621CAC81D005829D5 /* Assets.xcassets in Resources */ = {isa = PBXBuildFile; fileRef = CD80828521CAC81D005829D5 /* Assets.xcassets */; };
		CD80828A21CB1872005829D5 /* MainTabBarViewController.swift in Sources */ = {isa = PBXBuildFile; fileRef = CD80828921CB1872005829D5 /* MainTabBarViewController.swift */; };
		CD9A8AC821D0210600CADAD2 /* ProfilePresentation.swift in Sources */ = {isa = PBXBuildFile; fileRef = CD9A8AC721D0210500CADAD2 /* ProfilePresentation.swift */; };
/* End PBXBuildFile section */

/* Begin PBXFileReference section */
		CD1540C721C437C400B9AD84 /* MA-github-client.app */ = {isa = PBXFileReference; explicitFileType = wrapper.application; includeInIndex = 0; path = "MA-github-client.app"; sourceTree = BUILT_PRODUCTS_DIR; };
		CD1540CA21C437C400B9AD84 /* AppDelegate.swift */ = {isa = PBXFileReference; lastKnownFileType = sourcecode.swift; path = AppDelegate.swift; sourceTree = "<group>"; };
		CD1540D421C437C500B9AD84 /* Base */ = {isa = PBXFileReference; lastKnownFileType = file.storyboard; name = Base; path = Base.lproj/LaunchScreen.storyboard; sourceTree = "<group>"; };
		CD1540D621C437C500B9AD84 /* Info.plist */ = {isa = PBXFileReference; lastKnownFileType = text.plist.xml; path = Info.plist; sourceTree = "<group>"; };
		CD336AB421C5986400CBBCC4 /* LoginViewController.swift */ = {isa = PBXFileReference; lastKnownFileType = sourcecode.swift; path = LoginViewController.swift; sourceTree = "<group>"; };
		CD336AB621C5BB6C00CBBCC4 /* LoginViewController.xib */ = {isa = PBXFileReference; lastKnownFileType = file.xib; path = LoginViewController.xib; sourceTree = "<group>"; };
		CD336AB821C5C50400CBBCC4 /* RepoTableViewController.swift */ = {isa = PBXFileReference; lastKnownFileType = sourcecode.swift; path = RepoTableViewController.swift; sourceTree = "<group>"; };
		CD336ABA21C5C51600CBBCC4 /* RepoViewController.xib */ = {isa = PBXFileReference; lastKnownFileType = file.xib; path = RepoViewController.xib; sourceTree = "<group>"; };
		CD336ABC21C5C5B400CBBCC4 /* LoginPresentation.swift */ = {isa = PBXFileReference; lastKnownFileType = sourcecode.swift; path = LoginPresentation.swift; sourceTree = "<group>"; };
		CD336ABE21C6F07000CBBCC4 /* RepoTableViewCell.swift */ = {isa = PBXFileReference; lastKnownFileType = sourcecode.swift; path = RepoTableViewCell.swift; sourceTree = "<group>"; };
		CD336AC021C6F0B000CBBCC4 /* RepoPresentation.swift */ = {isa = PBXFileReference; lastKnownFileType = sourcecode.swift; path = RepoPresentation.swift; sourceTree = "<group>"; };
		CD336AC621C6F72A00CBBCC4 /* UIViewController+Extensions.swift */ = {isa = PBXFileReference; lastKnownFileType = sourcecode.swift; path = "UIViewController+Extensions.swift"; sourceTree = "<group>"; };
		CD336ACC21C71FC800CBBCC4 /* RepositoryViewController.swift */ = {isa = PBXFileReference; lastKnownFileType = sourcecode.swift; path = RepositoryViewController.swift; sourceTree = "<group>"; };
		CD336AD021C735F100CBBCC4 /* SearchViewController.swift */ = {isa = PBXFileReference; lastKnownFileType = sourcecode.swift; path = SearchViewController.swift; sourceTree = "<group>"; };
		CD336AD221C7360000CBBCC4 /* SearchViewController.xib */ = {isa = PBXFileReference; lastKnownFileType = file.xib; path = SearchViewController.xib; sourceTree = "<group>"; };
		CD336AD421C7361000CBBCC4 /* ProfileViewController.swift */ = {isa = PBXFileReference; lastKnownFileType = sourcecode.swift; path = ProfileViewController.swift; sourceTree = "<group>"; };
		CD336AD621C7361F00CBBCC4 /* ProfileViewController.xib */ = {isa = PBXFileReference; lastKnownFileType = file.xib; path = ProfileViewController.xib; sourceTree = "<group>"; };
		CD80828521CAC81D005829D5 /* Assets.xcassets */ = {isa = PBXFileReference; lastKnownFileType = folder.assetcatalog; path = Assets.xcassets; sourceTree = "<group>"; };
		CD80828921CB1872005829D5 /* MainTabBarViewController.swift */ = {isa = PBXFileReference; lastKnownFileType = sourcecode.swift; path = MainTabBarViewController.swift; sourceTree = "<group>"; };
		CD9A8AC721D0210500CADAD2 /* ProfilePresentation.swift */ = {isa = PBXFileReference; lastKnownFileType = sourcecode.swift; path = ProfilePresentation.swift; sourceTree = "<group>"; };
/* End PBXFileReference section */

/* Begin PBXFrameworksBuildPhase section */
		CD1540C421C437C400B9AD84 /* Frameworks */ = {
			isa = PBXFrameworksBuildPhase;
			buildActionMask = 2147483647;
			files = (
			);
			runOnlyForDeploymentPostprocessing = 0;
		};
/* End PBXFrameworksBuildPhase section */

/* Begin PBXGroup section */
		CD1540BE21C437C300B9AD84 = {
			isa = PBXGroup;
			children = (
				CD1540C921C437C400B9AD84 /* MA-github-client */,
				CD1540C821C437C400B9AD84 /* Products */,
			);
			sourceTree = "<group>";
		};
		CD1540C821C437C400B9AD84 /* Products */ = {
			isa = PBXGroup;
			children = (
				CD1540C721C437C400B9AD84 /* MA-github-client.app */,
			);
			name = Products;
			sourceTree = "<group>";
		};
		CD1540C921C437C400B9AD84 /* MA-github-client */ = {
			isa = PBXGroup;
			children = (
				CD336AC821C6F99200CBBCC4 /* Base.Iproj */,
				CD336AC221C6F64700CBBCC4 /* Library */,
				CD336AAD21C597B600CBBCC4 /* Application */,
				CD1540D621C437C500B9AD84 /* Info.plist */,
				CD80828521CAC81D005829D5 /* Assets.xcassets */,
			);
			path = "MA-github-client";
			sourceTree = "<group>";
		};
		CD336AAD21C597B600CBBCC4 /* Application */ = {
			isa = PBXGroup;
			children = (
				CD336AAE21C597C900CBBCC4 /* UI */,
			);
			path = Application;
			sourceTree = "<group>";
		};
		CD336AAE21C597C900CBBCC4 /* UI */ = {
			isa = PBXGroup;
			children = (
				CD1540CA21C437C400B9AD84 /* AppDelegate.swift */,
				CD80828921CB1872005829D5 /* MainTabBarViewController.swift */,
				CD336AB021C597E500CBBCC4 /* Modules */,
			);
			path = UI;
			sourceTree = "<group>";
		};
		CD336AB021C597E500CBBCC4 /* Modules */ = {
			isa = PBXGroup;
			children = (
				CD336ACB21C71FA700CBBCC4 /* Profile */,
				CD336ACA21C71F9A00CBBCC4 /* Search */,
				CD336AC921C71F9000CBBCC4 /* Repository */,
				CD336AB321C5980500CBBCC4 /* Main */,
				CD336AB121C597F100CBBCC4 /* Auth */,
			);
			path = Modules;
			sourceTree = "<group>";
		};
		CD336AB121C597F100CBBCC4 /* Auth */ = {
			isa = PBXGroup;
			children = (
				CD336AB221C597F800CBBCC4 /* Login */,
			);
			path = Auth;
			sourceTree = "<group>";
		};
		CD336AB221C597F800CBBCC4 /* Login */ = {
			isa = PBXGroup;
			children = (
				CD336AB421C5986400CBBCC4 /* LoginViewController.swift */,
				CD336AB621C5BB6C00CBBCC4 /* LoginViewController.xib */,
				CD336ABC21C5C5B400CBBCC4 /* LoginPresentation.swift */,
			);
			path = Login;
			sourceTree = "<group>";
		};
		CD336AB321C5980500CBBCC4 /* Main */ = {
			isa = PBXGroup;
			children = (
			);
			path = Main;
			sourceTree = "<group>";
		};
		CD336AC221C6F64700CBBCC4 /* Library */ = {
			isa = PBXGroup;
			children = (
				CD336AC321C6F66F00CBBCC4 /* Standart */,
			);
			path = Library;
			sourceTree = "<group>";
		};
		CD336AC321C6F66F00CBBCC4 /* Standart */ = {
			isa = PBXGroup;
			children = (
				CD336AC421C6F6A300CBBCC4 /* UIKit */,
			);
			path = Standart;
			sourceTree = "<group>";
		};
		CD336AC421C6F6A300CBBCC4 /* UIKit */ = {
			isa = PBXGroup;
			children = (
				CD336AC521C6F6BB00CBBCC4 /* UIViewController */,
			);
			path = UIKit;
			sourceTree = "<group>";
		};
		CD336AC521C6F6BB00CBBCC4 /* UIViewController */ = {
			isa = PBXGroup;
			children = (
				CD336AC621C6F72A00CBBCC4 /* UIViewController+Extensions.swift */,
			);
			path = UIViewController;
			sourceTree = "<group>";
		};
		CD336AC821C6F99200CBBCC4 /* Base.Iproj */ = {
			isa = PBXGroup;
			children = (
				CD1540D321C437C500B9AD84 /* LaunchScreen.storyboard */,
			);
			path = Base.Iproj;
			sourceTree = "<group>";
		};
		CD336AC921C71F9000CBBCC4 /* Repository */ = {
			isa = PBXGroup;
			children = (
				CD336ACC21C71FC800CBBCC4 /* RepositoryViewController.swift */,
				CD336AB821C5C50400CBBCC4 /* RepoTableViewController.swift */,
				CD336ABA21C5C51600CBBCC4 /* RepoViewController.xib */,
				CD336ABE21C6F07000CBBCC4 /* RepoTableViewCell.swift */,
				CD336AC021C6F0B000CBBCC4 /* RepoPresentation.swift */,
			);
			path = Repository;
			sourceTree = "<group>";
		};
		CD336ACA21C71F9A00CBBCC4 /* Search */ = {
			isa = PBXGroup;
			children = (
				CD336AD021C735F100CBBCC4 /* SearchViewController.swift */,
				CD336AD221C7360000CBBCC4 /* SearchViewController.xib */,
			);
			path = Search;
			sourceTree = "<group>";
		};
		CD336ACB21C71FA700CBBCC4 /* Profile */ = {
			isa = PBXGroup;
			children = (
				CD336AD421C7361000CBBCC4 /* ProfileViewController.swift */,
				CD336AD621C7361F00CBBCC4 /* ProfileViewController.xib */,
				CD9A8AC721D0210500CADAD2 /* ProfilePresentation.swift */,
			);
			path = Profile;
			sourceTree = "<group>";
		};
/* End PBXGroup section */

/* Begin PBXNativeTarget section */
		CD1540C621C437C400B9AD84 /* MA-github-client */ = {
			isa = PBXNativeTarget;
			buildConfigurationList = CD1540D921C437C500B9AD84 /* Build configuration list for PBXNativeTarget "MA-github-client" */;
			buildPhases = (
				CD1540C321C437C400B9AD84 /* Sources */,
				CD1540C421C437C400B9AD84 /* Frameworks */,
				CD1540C521C437C400B9AD84 /* Resources */,
			);
			buildRules = (
			);
			dependencies = (
			);
			name = "MA-github-client";
			productName = "MA-github-client";
			productReference = CD1540C721C437C400B9AD84 /* MA-github-client.app */;
			productType = "com.apple.product-type.application";
		};
/* End PBXNativeTarget section */

/* Begin PBXProject section */
		CD1540BF21C437C300B9AD84 /* Project object */ = {
			isa = PBXProject;
			attributes = {
				LastSwiftUpdateCheck = 1010;
				LastUpgradeCheck = 1010;
				ORGANIZATIONNAME = "Artem Migovich";
				TargetAttributes = {
					CD1540C621C437C400B9AD84 = {
						CreatedOnToolsVersion = 10.1;
					};
				};
			};
			buildConfigurationList = CD1540C221C437C300B9AD84 /* Build configuration list for PBXProject "MA-github-client" */;
			compatibilityVersion = "Xcode 9.3";
			developmentRegion = en;
			hasScannedForEncodings = 0;
			knownRegions = (
				en,
				Base,
			);
			mainGroup = CD1540BE21C437C300B9AD84;
			productRefGroup = CD1540C821C437C400B9AD84 /* Products */;
			projectDirPath = "";
			projectRoot = "";
			targets = (
				CD1540C621C437C400B9AD84 /* MA-github-client */,
			);
		};
/* End PBXProject section */

/* Begin PBXResourcesBuildPhase section */
		CD1540C521C437C400B9AD84 /* Resources */ = {
			isa = PBXResourcesBuildPhase;
			buildActionMask = 2147483647;
			files = (
				CD336AD721C7361F00CBBCC4 /* ProfileViewController.xib in Resources */,
				CD336AB721C5BB6C00CBBCC4 /* LoginViewController.xib in Resources */,
				CD1540D521C437C500B9AD84 /* LaunchScreen.storyboard in Resources */,
				CD336AD321C7360000CBBCC4 /* SearchViewController.xib in Resources */,
				CD80828621CAC81D005829D5 /* Assets.xcassets in Resources */,
				CD336ABB21C5C51600CBBCC4 /* RepoViewController.xib in Resources */,
			);
			runOnlyForDeploymentPostprocessing = 0;
		};
/* End PBXResourcesBuildPhase section */

/* Begin PBXSourcesBuildPhase section */
		CD1540C321C437C400B9AD84 /* Sources */ = {
			isa = PBXSourcesBuildPhase;
			buildActionMask = 2147483647;
			files = (
				CD336ACD21C71FC800CBBCC4 /* RepositoryViewController.swift in Sources */,
				CD336AB921C5C50400CBBCC4 /* RepoTableViewController.swift in Sources */,
				CD336AD521C7361000CBBCC4 /* ProfileViewController.swift in Sources */,
				CD80828A21CB1872005829D5 /* MainTabBarViewController.swift in Sources */,
				CD336ABF21C6F07000CBBCC4 /* RepoTableViewCell.swift in Sources */,
				CD336AD121C735F100CBBCC4 /* SearchViewController.swift in Sources */,
				CD336AB521C5986400CBBCC4 /* LoginViewController.swift in Sources */,
				CD336AC121C6F0B000CBBCC4 /* RepoPresentation.swift in Sources */,
				CD336AC721C6F72A00CBBCC4 /* UIViewController+Extensions.swift in Sources */,
				CD9A8AC821D0210600CADAD2 /* ProfilePresentation.swift in Sources */,
				CD336ABD21C5C5B400CBBCC4 /* LoginPresentation.swift in Sources */,
				CD1540CB21C437C400B9AD84 /* AppDelegate.swift in Sources */,
			);
			runOnlyForDeploymentPostprocessing = 0;
		};
/* End PBXSourcesBuildPhase section */

/* Begin PBXVariantGroup section */
		CD1540D321C437C500B9AD84 /* LaunchScreen.storyboard */ = {
			isa = PBXVariantGroup;
			children = (
				CD1540D421C437C500B9AD84 /* Base */,
			);
			name = LaunchScreen.storyboard;
			sourceTree = "<group>";
		};
/* End PBXVariantGroup section */

/* Begin XCBuildConfiguration section */
		CD1540D721C437C500B9AD84 /* Debug */ = {
			isa = XCBuildConfiguration;
			buildSettings = {
				ALWAYS_SEARCH_USER_PATHS = NO;
				CLANG_ANALYZER_NONNULL = YES;
				CLANG_ANALYZER_NUMBER_OBJECT_CONVERSION = YES_AGGRESSIVE;
				CLANG_CXX_LANGUAGE_STANDARD = "gnu++14";
				CLANG_CXX_LIBRARY = "libc++";
				CLANG_ENABLE_MODULES = YES;
				CLANG_ENABLE_OBJC_ARC = YES;
				CLANG_ENABLE_OBJC_WEAK = YES;
				CLANG_WARN_BLOCK_CAPTURE_AUTORELEASING = YES;
				CLANG_WARN_BOOL_CONVERSION = YES;
				CLANG_WARN_COMMA = YES;
				CLANG_WARN_CONSTANT_CONVERSION = YES;
				CLANG_WARN_DEPRECATED_OBJC_IMPLEMENTATIONS = YES;
				CLANG_WARN_DIRECT_OBJC_ISA_USAGE = YES_ERROR;
				CLANG_WARN_DOCUMENTATION_COMMENTS = YES;
				CLANG_WARN_EMPTY_BODY = YES;
				CLANG_WARN_ENUM_CONVERSION = YES;
				CLANG_WARN_INFINITE_RECURSION = YES;
				CLANG_WARN_INT_CONVERSION = YES;
				CLANG_WARN_NON_LITERAL_NULL_CONVERSION = YES;
				CLANG_WARN_OBJC_IMPLICIT_RETAIN_SELF = YES;
				CLANG_WARN_OBJC_LITERAL_CONVERSION = YES;
				CLANG_WARN_OBJC_ROOT_CLASS = YES_ERROR;
				CLANG_WARN_RANGE_LOOP_ANALYSIS = YES;
				CLANG_WARN_STRICT_PROTOTYPES = YES;
				CLANG_WARN_SUSPICIOUS_MOVE = YES;
				CLANG_WARN_UNGUARDED_AVAILABILITY = YES_AGGRESSIVE;
				CLANG_WARN_UNREACHABLE_CODE = YES;
				CLANG_WARN__DUPLICATE_METHOD_MATCH = YES;
				CODE_SIGN_IDENTITY = "iPhone Developer";
				COPY_PHASE_STRIP = NO;
				DEBUG_INFORMATION_FORMAT = dwarf;
				ENABLE_STRICT_OBJC_MSGSEND = YES;
				ENABLE_TESTABILITY = YES;
				GCC_C_LANGUAGE_STANDARD = gnu11;
				GCC_DYNAMIC_NO_PIC = NO;
				GCC_NO_COMMON_BLOCKS = YES;
				GCC_OPTIMIZATION_LEVEL = 0;
				GCC_PREPROCESSOR_DEFINITIONS = (
					"DEBUG=1",
					"$(inherited)",
				);
				GCC_WARN_64_TO_32_BIT_CONVERSION = YES;
				GCC_WARN_ABOUT_RETURN_TYPE = YES_ERROR;
				GCC_WARN_UNDECLARED_SELECTOR = YES;
				GCC_WARN_UNINITIALIZED_AUTOS = YES_AGGRESSIVE;
				GCC_WARN_UNUSED_FUNCTION = YES;
				GCC_WARN_UNUSED_VARIABLE = YES;
				IPHONEOS_DEPLOYMENT_TARGET = 12.1;
				MTL_ENABLE_DEBUG_INFO = INCLUDE_SOURCE;
				MTL_FAST_MATH = YES;
				ONLY_ACTIVE_ARCH = YES;
				SDKROOT = iphoneos;
				SWIFT_ACTIVE_COMPILATION_CONDITIONS = DEBUG;
				SWIFT_OPTIMIZATION_LEVEL = "-Onone";
			};
			name = Debug;
		};
		CD1540D821C437C500B9AD84 /* Release */ = {
			isa = XCBuildConfiguration;
			buildSettings = {
				ALWAYS_SEARCH_USER_PATHS = NO;
				CLANG_ANALYZER_NONNULL = YES;
				CLANG_ANALYZER_NUMBER_OBJECT_CONVERSION = YES_AGGRESSIVE;
				CLANG_CXX_LANGUAGE_STANDARD = "gnu++14";
				CLANG_CXX_LIBRARY = "libc++";
				CLANG_ENABLE_MODULES = YES;
				CLANG_ENABLE_OBJC_ARC = YES;
				CLANG_ENABLE_OBJC_WEAK = YES;
				CLANG_WARN_BLOCK_CAPTURE_AUTORELEASING = YES;
				CLANG_WARN_BOOL_CONVERSION = YES;
				CLANG_WARN_COMMA = YES;
				CLANG_WARN_CONSTANT_CONVERSION = YES;
				CLANG_WARN_DEPRECATED_OBJC_IMPLEMENTATIONS = YES;
				CLANG_WARN_DIRECT_OBJC_ISA_USAGE = YES_ERROR;
				CLANG_WARN_DOCUMENTATION_COMMENTS = YES;
				CLANG_WARN_EMPTY_BODY = YES;
				CLANG_WARN_ENUM_CONVERSION = YES;
				CLANG_WARN_INFINITE_RECURSION = YES;
				CLANG_WARN_INT_CONVERSION = YES;
				CLANG_WARN_NON_LITERAL_NULL_CONVERSION = YES;
				CLANG_WARN_OBJC_IMPLICIT_RETAIN_SELF = YES;
				CLANG_WARN_OBJC_LITERAL_CONVERSION = YES;
				CLANG_WARN_OBJC_ROOT_CLASS = YES_ERROR;
				CLANG_WARN_RANGE_LOOP_ANALYSIS = YES;
				CLANG_WARN_STRICT_PROTOTYPES = YES;
				CLANG_WARN_SUSPICIOUS_MOVE = YES;
				CLANG_WARN_UNGUARDED_AVAILABILITY = YES_AGGRESSIVE;
				CLANG_WARN_UNREACHABLE_CODE = YES;
				CLANG_WARN__DUPLICATE_METHOD_MATCH = YES;
				CODE_SIGN_IDENTITY = "iPhone Developer";
				COPY_PHASE_STRIP = NO;
				DEBUG_INFORMATION_FORMAT = "dwarf-with-dsym";
				ENABLE_NS_ASSERTIONS = NO;
				ENABLE_STRICT_OBJC_MSGSEND = YES;
				GCC_C_LANGUAGE_STANDARD = gnu11;
				GCC_NO_COMMON_BLOCKS = YES;
				GCC_WARN_64_TO_32_BIT_CONVERSION = YES;
				GCC_WARN_ABOUT_RETURN_TYPE = YES_ERROR;
				GCC_WARN_UNDECLARED_SELECTOR = YES;
				GCC_WARN_UNINITIALIZED_AUTOS = YES_AGGRESSIVE;
				GCC_WARN_UNUSED_FUNCTION = YES;
				GCC_WARN_UNUSED_VARIABLE = YES;
				IPHONEOS_DEPLOYMENT_TARGET = 12.1;
				MTL_ENABLE_DEBUG_INFO = NO;
				MTL_FAST_MATH = YES;
				SDKROOT = iphoneos;
				SWIFT_COMPILATION_MODE = wholemodule;
				SWIFT_OPTIMIZATION_LEVEL = "-O";
				VALIDATE_PRODUCT = YES;
			};
			name = Release;
		};
		CD1540DA21C437C500B9AD84 /* Debug */ = {
			isa = XCBuildConfiguration;
			buildSettings = {
				ASSETCATALOG_COMPILER_APPICON_NAME = AppIcon;
				CODE_SIGN_STYLE = Automatic;
				DEVELOPMENT_TEAM = JCY45QFZ9K;
				INFOPLIST_FILE = "MA-github-client/Info.plist";
				LD_RUNPATH_SEARCH_PATHS = (
					"$(inherited)",
					"@executable_path/Frameworks",
				);
				PRODUCT_BUNDLE_IDENTIFIER = "com.artemmigovich.MA-github-client";
				PRODUCT_NAME = "$(TARGET_NAME)";
				SWIFT_VERSION = 4.2;
				TARGETED_DEVICE_FAMILY = "1,2";
			};
			name = Debug;
		};
		CD1540DB21C437C500B9AD84 /* Release */ = {
			isa = XCBuildConfiguration;
			buildSettings = {
				ASSETCATALOG_COMPILER_APPICON_NAME = AppIcon;
				CODE_SIGN_STYLE = Automatic;
				DEVELOPMENT_TEAM = JCY45QFZ9K;
				INFOPLIST_FILE = "MA-github-client/Info.plist";
				LD_RUNPATH_SEARCH_PATHS = (
					"$(inherited)",
					"@executable_path/Frameworks",
				);
				PRODUCT_BUNDLE_IDENTIFIER = "com.artemmigovich.MA-github-client";
				PRODUCT_NAME = "$(TARGET_NAME)";
				SWIFT_VERSION = 4.2;
				TARGETED_DEVICE_FAMILY = "1,2";
			};
			name = Release;
		};
/* End XCBuildConfiguration section */

/* Begin XCConfigurationList section */
		CD1540C221C437C300B9AD84 /* Build configuration list for PBXProject "MA-github-client" */ = {
			isa = XCConfigurationList;
			buildConfigurations = (
				CD1540D721C437C500B9AD84 /* Debug */,
				CD1540D821C437C500B9AD84 /* Release */,
			);
			defaultConfigurationIsVisible = 0;
			defaultConfigurationName = Release;
		};
		CD1540D921C437C500B9AD84 /* Build configuration list for PBXNativeTarget "MA-github-client" */ = {
			isa = XCConfigurationList;
			buildConfigurations = (
				CD1540DA21C437C500B9AD84 /* Debug */,
				CD1540DB21C437C500B9AD84 /* Release */,
			);
			defaultConfigurationIsVisible = 0;
			defaultConfigurationName = Release;
		};
/* End XCConfigurationList section */
	};
	rootObject = CD1540BF21C437C300B9AD84 /* Project object */;
}
